
Microsoft Visual Studio Solution File, Format Version 12.00
# Visual Studio 15
VisualStudioVersion = 15.0.26730.12
MinimumVisualStudioVersion = 10.0.40219.1
Project("{9A19103F-16F7-4668-BE54-9A1E7A4F7556}") = "Fabric.Demo", "src\Fabric.Demo\Fabric.Demo.csproj", "{5FCD55AA-322A-435E-BAC4-1A936E1367E1}"
EndProject
Project("{2150E333-8FDC-42A3-9474-1A3956D46DE8}") = "src", "src", "{799E3072-47A2-4B1F-B985-B623D0D859DD}"
EndProject
Global
	GlobalSection(SolutionConfigurationPlatforms) = preSolution
		Debug|Any CPU = Debug|Any CPU
		Release|Any CPU = Release|Any CPU
	EndGlobalSection
	GlobalSection(ProjectConfigurationPlatforms) = postSolution
		{5FCD55AA-322A-435E-BAC4-1A936E1367E1}.Debug|Any CPU.ActiveCfg = Debug|Any CPU
		{5FCD55AA-322A-435E-BAC4-1A936E1367E1}.Debug|Any CPU.Build.0 = Debug|Any CPU
		{5FCD55AA-322A-435E-BAC4-1A936E1367E1}.Release|Any CPU.ActiveCfg = Release|Any CPU
		{5FCD55AA-322A-435E-BAC4-1A936E1367E1}.Release|Any CPU.Build.0 = Release|Any CPU
	EndGlobalSection
	GlobalSection(SolutionProperties) = preSolution
		HideSolutionNode = FALSE
	EndGlobalSection
	GlobalSection(NestedProjects) = preSolution
		{5FCD55AA-322A-435E-BAC4-1A936E1367E1} = {799E3072-47A2-4B1F-B985-B623D0D859DD}
	EndGlobalSection
	GlobalSection(ExtensibilityGlobals) = postSolution
		SolutionGuid = {B1122D6A-97B1-40DD-A9D4-1A6DA8577D8B}
	EndGlobalSection
EndGlobal
